
Microsoft Visual Studio Solution File, Format Version 12.00
# Visual Studio 14
VisualStudioVersion = 14.0.25420.1
MinimumVisualStudioVersion = 10.0.40219.1
Project("{FAE04EC0-301F-11D3-BF4B-00C04F79EFBC}") = "HomeWorkFive", "HomeWorkFive\HomeWorkFive.csproj", "{28159A38-94D7-4D88-94F5-D470691B166D}"
EndProject
Project("{FAE04EC0-301F-11D3-BF4B-00C04F79EFBC}") = "FiveModel", "FiveModel\FiveModel.csproj", "{99EC4EEB-750B-4D0C-A6A9-E481B2F8EE09}"
EndProject
Project("{FAE04EC0-301F-11D3-BF4B-00C04F79EFBC}") = "FiveDataLayer", "FiveDataLayer\FiveDataLayer.csproj", "{6F04265A-E679-4D97-A2AF-6BBC1142E46D}"
EndProject
Project("{FAE04EC0-301F-11D3-BF4B-00C04F79EFBC}") = "FiveBusinessLayer", "FiveBusinessLayer\FiveBusinessLayer.csproj", "{2FE31350-8375-442D-917D-F9E48767A432}"
EndProject
Project("{FAE04EC0-301F-11D3-BF4B-00C04F79EFBC}") = "FiveCommonLayer", "FiveCommonLayer\FiveCommonLayer.csproj", "{B9578B7A-7469-4FA1-97BA-2EC946A28A96}"
EndProject
Global
	GlobalSection(SolutionConfigurationPlatforms) = preSolution
		Debug|Any CPU = Debug|Any CPU
		Release|Any CPU = Release|Any CPU
	EndGlobalSection
	GlobalSection(ProjectConfigurationPlatforms) = postSolution
		{28159A38-94D7-4D88-94F5-D470691B166D}.Debug|Any CPU.ActiveCfg = Debug|Any CPU
		{28159A38-94D7-4D88-94F5-D470691B166D}.Debug|Any CPU.Build.0 = Debug|Any CPU
		{28159A38-94D7-4D88-94F5-D470691B166D}.Release|Any CPU.ActiveCfg = Release|Any CPU
		{28159A38-94D7-4D88-94F5-D470691B166D}.Release|Any CPU.Build.0 = Release|Any CPU
		{99EC4EEB-750B-4D0C-A6A9-E481B2F8EE09}.Debug|Any CPU.ActiveCfg = Debug|Any CPU
		{99EC4EEB-750B-4D0C-A6A9-E481B2F8EE09}.Debug|Any CPU.Build.0 = Debug|Any CPU
		{99EC4EEB-750B-4D0C-A6A9-E481B2F8EE09}.Release|Any CPU.ActiveCfg = Release|Any CPU
		{99EC4EEB-750B-4D0C-A6A9-E481B2F8EE09}.Release|Any CPU.Build.0 = Release|Any CPU
		{6F04265A-E679-4D97-A2AF-6BBC1142E46D}.Debug|Any CPU.ActiveCfg = Debug|Any CPU
		{6F04265A-E679-4D97-A2AF-6BBC1142E46D}.Debug|Any CPU.Build.0 = Debug|Any CPU
		{6F04265A-E679-4D97-A2AF-6BBC1142E46D}.Release|Any CPU.ActiveCfg = Release|Any CPU
		{6F04265A-E679-4D97-A2AF-6BBC1142E46D}.Release|Any CPU.Build.0 = Release|Any CPU
		{2FE31350-8375-442D-917D-F9E48767A432}.Debug|Any CPU.ActiveCfg = Debug|Any CPU
		{2FE31350-8375-442D-917D-F9E48767A432}.Debug|Any CPU.Build.0 = Debug|Any CPU
		{2FE31350-8375-442D-917D-F9E48767A432}.Release|Any CPU.ActiveCfg = Release|Any CPU
		{2FE31350-8375-442D-917D-F9E48767A432}.Release|Any CPU.Build.0 = Release|Any CPU
		{B9578B7A-7469-4FA1-97BA-2EC946A28A96}.Debug|Any CPU.ActiveCfg = Debug|Any CPU
		{B9578B7A-7469-4FA1-97BA-2EC946A28A96}.Debug|Any CPU.Build.0 = Debug|Any CPU
		{B9578B7A-7469-4FA1-97BA-2EC946A28A96}.Release|Any CPU.ActiveCfg = Release|Any CPU
		{B9578B7A-7469-4FA1-97BA-2EC946A28A96}.Release|Any CPU.Build.0 = Release|Any CPU
	EndGlobalSection
	GlobalSection(SolutionProperties) = preSolution
		HideSolutionNode = FALSE
	EndGlobalSection
EndGlobal
